<?xml version="1.0" encoding="utf-8"?>
<Project ToolsVersion="4.0" xmlns="http://schemas.microsoft.com/developer/msbuild/2003">
  <ItemGroup>
    <Filter Include="源文件">
      <UniqueIdentifier>{4FC737F1-C7A5-4376-A066-2A32D752A2FF}</UniqueIdentifier>
      <Extensions>cpp;c;cc;cxx;def;odl;idl;hpj;bat;asm;asmx</Extensions>
    </Filter>
    <Filter Include="头文件">
      <UniqueIdentifier>{93995380-89BD-4b04-88EB-625FBE52EBFB}</UniqueIdentifier>
      <Extensions>h;hh;hpp;hxx;hm;inl;inc;xsd</Extensions>
    </Filter>
    <Filter Include="资源文件">
      <UniqueIdentifier>{67DA6AB6-F800-4c08-8B7A-83BB121AAD01}</UniqueIdentifier>
      <Extensions>rc;ico;cur;bmp;dlg;rc2;rct;bin;rgs;gif;jpg;jpeg;jpe;resx;tiff;tif;png;wav;mfcribbon-ms</Extensions>
    </Filter>
  </ItemGroup>
  <ItemGroup>
    <Text Include="ReadMe.txt" />
  </ItemGroup>
  <ItemGroup>
    <ClInclude Include="Encode.h">
      <Filter>头文件</Filter>
    </ClInclude>
    <ClInclude Include="EncodeDlg.h">
      <Filter>头文件</Filter>
    </ClInclude>
    <ClInclude Include="stdafx.h">
      <Filter>头文件</Filter>
    </ClInclude>
    <ClInclude Include="targetver.h">
      <Filter>头文件</Filter>
    </ClInclude>
    <ClInclude Include="Resource.h">
      <Filter>头文件</Filter>
    </ClInclude>
    <ClInclude Include="Base64Encoder.h">
      <Filter>头文件</Filter>
    </ClInclude>
    <ClInclude Include="Base32Encoder.h">
      <Filter>头文件</Filter>
    </ClInclude>
    <ClInclude Include="TabBaseN.h">
      <Filter>头文件</Filter>
    </ClInclude>
    <ClInclude Include="TabMD5.h">
      <Filter>头文件</Filter>
    </ClInclude>
    <ClInclude Include="MD5Encoder.h">
      <Filter>头文件</Filter>
    </ClInclude>
    <ClInclude Include="IEncoder.h">
      <Filter>头文件</Filter>
    </ClInclude>
    <ClInclude Include="AESEncrypt.h">
      <Filter>头文件</Filter>
    </ClInclude>
    <ClInclude Include="TabASE.h">
      <Filter>头文件</Filter>
    </ClInclude>
  </ItemGroup>
  <ItemGroup>
    <ClCompile Include="Encode.cpp">
      <Filter>源文件</Filter>
    </ClCompile>
    <ClCompile Include="EncodeDlg.cpp">
      <Filter>源文件</Filter>
    </ClCompile>
    <ClCompile Include="stdafx.cpp">
      <Filter>源文件</Filter>
    </ClCompile>
    <ClCompile Include="Base64Encoder.cpp">
      <Filter>源文件</Filter>
    </ClCompile>
    <ClCompile Include="Base32Encoder.cpp">
      <Filter>源文件</Filter>
    </ClCompile>
    <ClCompile Include="TabBaseN.cpp">
      <Filter>源文件</Filter>
    </ClCompile>
    <ClCompile Include="TabMD5.cpp">
      <Filter>源文件</Filter>
    </ClCompile>
    <ClCompile Include="MD5Encoder.cpp">
      <Filter>源文件</Filter>
    </ClCompile>
    <ClCompile Include="IEncoder.cpp">
      <Filter>源文件</Filter>
    </ClCompile>
    <ClCompile Include="AESEncrypt.cpp">
      <Filter>源文件</Filter>
    </ClCompile>
    <ClCompile Include="TabASE.cpp">
      <Filter>源文件</Filter>
    </ClCompile>
  </ItemGroup>
  <ItemGroup>
    <ResourceCompile Include="Encode.rc">
      <Filter>资源文件</Filter>
    </ResourceCompile>
  </ItemGroup>
  <ItemGroup>
    <None Include="res\Encode.rc2">
      <Filter>资源文件</Filter>
    </None>
  </ItemGroup>
  <ItemGroup>
    <Image Include="res\Encode.ico">
      <Filter>资源文件</Filter>
    </Image>
  </ItemGroup>
</Project>